
Microsoft Visual Studio Solution File, Format Version 12.00
# Visual Studio Version 17
VisualStudioVersion = 17.7.34024.191
MinimumVisualStudioVersion = 10.0.40219.1
Project("{E24C65DC-7377-472B-9ABA-BC803B73C61A}") = "Kaian_AlDora", "F:\Work\Work\Freelancing Work\Kaian_AlDora\Kaian_AlDora\", "{B70B1169-25BE-46A3-835D-AE84720596FB}"
	ProjectSection(WebsiteProperties) = preProject
		TargetFrameworkMoniker = ".NETFramework,Version%3Dv4.0"
		Debug.AspNetCompiler.VirtualPath = "/localhost_54914"
		Debug.AspNetCompiler.PhysicalPath = "F:\Work\Work\Freelancing Work\Kaian_AlDora\Kaian_AlDora\"
		Debug.AspNetCompiler.TargetPath = "PrecompiledWeb\localhost_54914\"
		Debug.AspNetCompiler.Updateable = "true"
		Debug.AspNetCompiler.ForceOverwrite = "true"
		Debug.AspNetCompiler.FixedNames = "false"
		Debug.AspNetCompiler.Debug = "True"
		Release.AspNetCompiler.VirtualPath = "/localhost_54914"
		Release.AspNetCompiler.PhysicalPath = "F:\Work\Work\Freelancing Work\Kaian_AlDora\Kaian_AlDora\"
		Release.AspNetCompiler.TargetPath = "PrecompiledWeb\localhost_54914\"
		Release.AspNetCompiler.Updateable = "true"
		Release.AspNetCompiler.ForceOverwrite = "true"
		Release.AspNetCompiler.FixedNames = "false"
		Release.AspNetCompiler.Debug = "False"
		VWDPort = "54914"
		SlnRelativePath = "F:\Work\Work\Freelancing Work\Kaian_AlDora\Kaian_AlDora\"
	EndProjectSection
EndProject
Global
	GlobalSection(SolutionConfigurationPlatforms) = preSolution
		Debug|Any CPU = Debug|Any CPU
	EndGlobalSection
	GlobalSection(ProjectConfigurationPlatforms) = postSolution
		{B70B1169-25BE-46A3-835D-AE84720596FB}.Debug|Any CPU.ActiveCfg = Debug|Any CPU
		{B70B1169-25BE-46A3-835D-AE84720596FB}.Debug|Any CPU.Build.0 = Debug|Any CPU
	EndGlobalSection
	GlobalSection(SolutionProperties) = preSolution
		HideSolutionNode = FALSE
	EndGlobalSection
	GlobalSection(ExtensibilityGlobals) = postSolution
		SolutionGuid = {EC7C70E7-A495-4A33-BF14-6EE7C5B10B93}
	EndGlobalSection
EndGlobal
